<?xml version="1.0" encoding="utf-8"?>
<Project ToolsVersion="4.0" xmlns="http://schemas.microsoft.com/developer/msbuild/2003">
  <ItemGroup>
    <Filter Include="Source Files">
      <UniqueIdentifier>{4FC737F1-C7A5-4376-A066-2A32D752A2FF}</UniqueIdentifier>
      <Extensions>cpp;c;cc;cxx;def;odl;idl;hpj;bat;asm;asmx</Extensions>
    </Filter>
    <Filter Include="Header Files">
      <UniqueIdentifier>{93995380-89BD-4b04-88EB-625FBE52EBFB}</UniqueIdentifier>
      <Extensions>h;hh;hpp;hxx;hm;inl;inc;xsd</Extensions>
    </Filter>
    <Filter Include="Resource Files">
      <UniqueIdentifier>{67DA6AB6-F800-4c08-8B7A-83BB121AAD01}</UniqueIdentifier>
      <Extensions>rc;ico;cur;bmp;dlg;rc2;rct;bin;rgs;gif;jpg;jpeg;jpe;resx;tiff;tif;png;wav;mfcribbon-ms</Extensions>
    </Filter>
    <Filter Include="Resource Files\VertexShaders">
      <UniqueIdentifier>{dcca8780-0334-4df3-b18b-5d7920f3ef34}</UniqueIdentifier>
    </Filter>
    <Filter Include="Resource Files\GeometryShaders">
      <UniqueIdentifier>{f1e101dc-076e-45bf-a548-6f1532cddb24}</UniqueIdentifier>
    </Filter>
    <Filter Include="Resource Files\PixelShaders">
      <UniqueIdentifier>{d643926c-c0a4-4723-8b5e-89ca4f8c8b3b}</UniqueIdentifier>
    </Filter>
  </ItemGroup>
  <ItemGroup>
    <ClCompile Include="Source\Core.cpp">
      <Filter>Source Files</Filter>
    </ClCompile>
    <ClCompile Include="Source\BinImporter.cpp">
      <Filter>Source Files</Filter>
    </ClCompile>
    <ClCompile Include="Source\Camera.cpp">
      <Filter>Source Files</Filter>
    </ClCompile>
    <ClCompile Include="Source\ShadowMapping.cpp">
      <Filter>Source Files</Filter>
    </ClCompile>
    <ClCompile Include="Source\Input.cpp">
      <Filter>Source Files</Filter>
    </ClCompile>
    <ClCompile Include="Source\Timer.cpp">
      <Filter>Source Files</Filter>
    </ClCompile>
    <ClCompile Include="Source\winmain .cpp">
      <Filter>Source Files</Filter>
    </ClCompile>
    <ClCompile Include="Source\Reader.cpp">
      <Filter>Source Files</Filter>
    </ClCompile>
  </ItemGroup>
  <ItemGroup>
    <ClInclude Include="Headers\Core.h">
      <Filter>Header Files</Filter>
    </ClInclude>
    <ClInclude Include="Headers\ShadowMapping.h">
      <Filter>Header Files</Filter>
    </ClInclude>
    <ClInclude Include="Headers\Lights.h">
      <Filter>Header Files</Filter>
    </ClInclude>
    <ClInclude Include="Headers\Input.h">
      <Filter>Header Files</Filter>
    </ClInclude>
    <ClInclude Include="Headers\Timer.h">
      <Filter>Header Files</Filter>
    </ClInclude>
    <ClInclude Include="Headers\BinImporter.h">
      <Filter>Header Files</Filter>
    </ClInclude>
    <ClInclude Include="Headers\Entity.h">
      <Filter>Header Files</Filter>
    </ClInclude>
    <ClInclude Include="Headers\Camera.h">
      <Filter>Header Files</Filter>
    </ClInclude>
    <ClInclude Include="Headers\Reader.h">
      <Filter>Header Files</Filter>
    </ClInclude>
    <ClInclude Include="Headers\MeshObject.h">
      <Filter>Header Files</Filter>
    </ClInclude>
  </ItemGroup>
  <ItemGroup>
    <FxCompile Include="FX_HLSL\BackFaceGeometryShader.hlsl">
      <Filter>Resource Files\GeometryShaders</Filter>
    </FxCompile>
    <FxCompile Include="FX_HLSL\BackFaceGShader.hlsl">
      <Filter>Resource Files\GeometryShaders</Filter>
    </FxCompile>
    <FxCompile Include="FX_HLSL\deafultGS.hlsl">
      <Filter>Resource Files\GeometryShaders</Filter>
    </FxCompile>
    <FxCompile Include="FX_HLSL\AmbientOcclusionPS.hlsl">
      <Filter>Resource Files\PixelShaders</Filter>
    </FxCompile>
    <FxCompile Include="FX_HLSL\deafultPS.hlsl">
      <Filter>Resource Files\PixelShaders</Filter>
    </FxCompile>
    <FxCompile Include="FX_HLSL\defaultTexPS.hlsl">
      <Filter>Resource Files\PixelShaders</Filter>
    </FxCompile>
    <FxCompile Include="FX_HLSL\DeferedFinalPS.hlsl">
      <Filter>Resource Files\PixelShaders</Filter>
    </FxCompile>
    <FxCompile Include="FX_HLSL\DeferedPixel.hlsl">
      <Filter>Resource Files\PixelShaders</Filter>
    </FxCompile>
    <FxCompile Include="FX_HLSL\depthPS.hlsl">
      <Filter>Resource Files\PixelShaders</Filter>
    </FxCompile>
    <FxCompile Include="FX_HLSL\GlowPS.hlsl">
      <Filter>Resource Files\PixelShaders</Filter>
    </FxCompile>
    <FxCompile Include="FX_HLSL\heightMapPixelShader.hlsl">
      <Filter>Resource Files\PixelShaders</Filter>
    </FxCompile>
    <FxCompile Include="FX_HLSL\HorizontalBlurPS.hlsl">
      <Filter>Resource Files\PixelShaders</Filter>
    </FxCompile>
    <FxCompile Include="FX_HLSL\RGBSplatmapPS.hlsl">
      <Filter>Resource Files\PixelShaders</Filter>
    </FxCompile>
    <FxCompile Include="FX_HLSL\shadowPS.hlsl">
      <Filter>Resource Files\PixelShaders</Filter>
    </FxCompile>
    <FxCompile Include="FX_HLSL\VerticalBlurPS.hlsl">
      <Filter>Resource Files\PixelShaders</Filter>
    </FxCompile>
    <FxCompile Include="FX_HLSL\WireFramePS.hlsl">
      <Filter>Resource Files\PixelShaders</Filter>
    </FxCompile>
    <FxCompile Include="FX_HLSL\WireFramePSContainsTest.hlsl">
      <Filter>Resource Files\PixelShaders</Filter>
    </FxCompile>
    <FxCompile Include="FX_HLSL\AmbientOcclusionVS.hlsl">
      <Filter>Resource Files\VertexShaders</Filter>
    </FxCompile>
    <FxCompile Include="FX_HLSL\deafultTexVS.hlsl">
      <Filter>Resource Files\VertexShaders</Filter>
    </FxCompile>
    <FxCompile Include="FX_HLSL\deafultVS.hlsl">
      <Filter>Resource Files\VertexShaders</Filter>
    </FxCompile>
    <FxCompile Include="FX_HLSL\DeferedFinalVS.hlsl">
      <Filter>Resource Files\VertexShaders</Filter>
    </FxCompile>
    <FxCompile Include="FX_HLSL\depthVS.hlsl">
      <Filter>Resource Files\VertexShaders</Filter>
    </FxCompile>
    <FxCompile Include="FX_HLSL\GlowVS.hlsl">
      <Filter>Resource Files\VertexShaders</Filter>
    </FxCompile>
    <FxCompile Include="FX_HLSL\heightMapVertexShader.hlsl">
      <Filter>Resource Files\VertexShaders</Filter>
    </FxCompile>
    <FxCompile Include="FX_HLSL\HorizontalBlurVS.hlsl">
      <Filter>Resource Files\VertexShaders</Filter>
    </FxCompile>
    <FxCompile Include="FX_HLSL\RGBSplatmapVS.hlsl">
      <Filter>Resource Files\VertexShaders</Filter>
    </FxCompile>
    <FxCompile Include="FX_HLSL\shadowVS.hlsl">
      <Filter>Resource Files\VertexShaders</Filter>
    </FxCompile>
    <FxCompile Include="FX_HLSL\VerticalBlurVS.hlsl">
      <Filter>Resource Files\VertexShaders</Filter>
    </FxCompile>
    <FxCompile Include="FX_HLSL\WireFrameVS.hlsl">
      <Filter>Resource Files\VertexShaders</Filter>
    </FxCompile>
    <FxCompile Include="FX_HLSL\animVS.hlsl">
      <Filter>Resource Files\VertexShaders</Filter>
    </FxCompile>
    <FxCompile Include="FX_HLSL\animPS.hlsl">
      <Filter>Resource Files\PixelShaders</Filter>
    </FxCompile>
    <FxCompile Include="FX_HLSL\LightHelper.fx">
      <Filter>Resource Files\PixelShaders</Filter>
    </FxCompile>
  </ItemGroup>
</Project>